
Microsoft Visual Studio Solution File, Format Version 12.00
# Visual Studio 2013
VisualStudioVersion = 12.0.21005.1
MinimumVisualStudioVersion = 10.0.40219.1
Project("{FAE04EC0-301F-11D3-BF4B-00C04F79EFBC}") = "DotNetOpenAuth.ClientProviders", "ClientProviders\DotNetOpenAuth.ClientProviders.csproj", "{545C1A16-75E3-469D-B6A9-9921CCD49BDD}"
EndProject
Project("{FAE04EC0-301F-11D3-BF4B-00C04F79EFBC}") = "DotNetOpenAuth.ClientProviders.Tests", "DotNetOpenAuth.ClientProviders.Tests\DotNetOpenAuth.ClientProviders.Tests.csproj", "{0EB8C47F-87A3-4D41-9124-6501F69F1FDE}"
EndProject
Project("{FAE04EC0-301F-11D3-BF4B-00C04F79EFBC}") = "DotNetOpenAuth.ClientProviders.Samples", "DotNetOpenAuth.ClientProviders.Samples\DotNetOpenAuth.ClientProviders.Samples.csproj", "{FD08602A-9B27-4410-82C4-E4BA8CE36CB0}"
EndProject
Global
	GlobalSection(SolutionConfigurationPlatforms) = preSolution
		Debug|Any CPU = Debug|Any CPU
		Release|Any CPU = Release|Any CPU
	EndGlobalSection
	GlobalSection(ProjectConfigurationPlatforms) = postSolution
		{545C1A16-75E3-469D-B6A9-9921CCD49BDD}.Debug|Any CPU.ActiveCfg = Debug|Any CPU
		{545C1A16-75E3-469D-B6A9-9921CCD49BDD}.Debug|Any CPU.Build.0 = Debug|Any CPU
		{545C1A16-75E3-469D-B6A9-9921CCD49BDD}.Release|Any CPU.ActiveCfg = Release|Any CPU
		{545C1A16-75E3-469D-B6A9-9921CCD49BDD}.Release|Any CPU.Build.0 = Release|Any CPU
		{0EB8C47F-87A3-4D41-9124-6501F69F1FDE}.Debug|Any CPU.ActiveCfg = Debug|Any CPU
		{0EB8C47F-87A3-4D41-9124-6501F69F1FDE}.Debug|Any CPU.Build.0 = Debug|Any CPU
		{0EB8C47F-87A3-4D41-9124-6501F69F1FDE}.Release|Any CPU.ActiveCfg = Release|Any CPU
		{0EB8C47F-87A3-4D41-9124-6501F69F1FDE}.Release|Any CPU.Build.0 = Release|Any CPU
		{FD08602A-9B27-4410-82C4-E4BA8CE36CB0}.Debug|Any CPU.ActiveCfg = Debug|Any CPU
		{FD08602A-9B27-4410-82C4-E4BA8CE36CB0}.Debug|Any CPU.Build.0 = Debug|Any CPU
		{FD08602A-9B27-4410-82C4-E4BA8CE36CB0}.Release|Any CPU.ActiveCfg = Release|Any CPU
		{FD08602A-9B27-4410-82C4-E4BA8CE36CB0}.Release|Any CPU.Build.0 = Release|Any CPU
	EndGlobalSection
	GlobalSection(SolutionProperties) = preSolution
		HideSolutionNode = FALSE
	EndGlobalSection
EndGlobal
